
Microsoft Visual Studio Solution File, Format Version 12.00
# Visual Studio Version 17
VisualStudioVersion = 17.12.35707.178
MinimumVisualStudioVersion = 10.0.40219.1
Project("{FAE04EC0-301F-11D3-BF4B-00C04F79EFBC}") = "ChatbotOpenIA", "ChatbotOpenIA.csproj", "{BD2A7A61-59EE-4DD8-B13D-2F7B43A26CDE}"
EndProject
Project("{FAE04EC0-301F-11D3-BF4B-00C04F79EFBC}") = "BusinessLogic", "..\BusinessLogic\BusinessLogic.csproj", "{7FDD5CF0-ECA8-4712-AAF0-028EA7E26D4F}"
EndProject
Project("{FAE04EC0-301F-11D3-BF4B-00C04F79EFBC}") = "BusinessLogicInterfaces", "..\BusinessLogicInterfaces\BusinessLogicInterfaces.csproj", "{6DB15C36-9F1C-46C9-BD09-1228CF3BBD88}"
EndProject
Project("{FAE04EC0-301F-11D3-BF4B-00C04F79EFBC}") = "DataAccess", "..\DataAccess\DataAccess.csproj", "{530E1FF5-DE59-45B5-B28E-5882E02B6CEB}"
EndProject
Project("{FAE04EC0-301F-11D3-BF4B-00C04F79EFBC}") = "DataAccessInterface", "..\DataAccessInterface\DataAccessInterface.csproj", "{41EF1819-6999-4341-9F0B-D01AA26E4F79}"
EndProject
Project("{FAE04EC0-301F-11D3-BF4B-00C04F79EFBC}") = "Entities", "..\Entities\Entities.csproj", "{AD3D6CC4-508D-48DD-BA25-D3DEACE9D5DF}"
EndProject
Project("{FAE04EC0-301F-11D3-BF4B-00C04F79EFBC}") = "EntitiesInterfaces", "..\EntitiesInterfaces\EntitiesInterfaces.csproj", "{16D7B7D2-CE2D-415C-892A-E9DF06F5E8D8}"
EndProject
Project("{FAE04EC0-301F-11D3-BF4B-00C04F79EFBC}") = "Settings", "..\Settings\Settings.csproj", "{33BF3A68-DF47-4915-884F-D2276E14791E}"
EndProject
Global
	GlobalSection(SolutionConfigurationPlatforms) = preSolution
		Debug|Any CPU = Debug|Any CPU
		Release|Any CPU = Release|Any CPU
	EndGlobalSection
	GlobalSection(ProjectConfigurationPlatforms) = postSolution
		{BD2A7A61-59EE-4DD8-B13D-2F7B43A26CDE}.Debug|Any CPU.ActiveCfg = Debug|Any CPU
		{BD2A7A61-59EE-4DD8-B13D-2F7B43A26CDE}.Debug|Any CPU.Build.0 = Debug|Any CPU
		{BD2A7A61-59EE-4DD8-B13D-2F7B43A26CDE}.Release|Any CPU.ActiveCfg = Release|Any CPU
		{BD2A7A61-59EE-4DD8-B13D-2F7B43A26CDE}.Release|Any CPU.Build.0 = Release|Any CPU
		{7FDD5CF0-ECA8-4712-AAF0-028EA7E26D4F}.Debug|Any CPU.ActiveCfg = Debug|Any CPU
		{7FDD5CF0-ECA8-4712-AAF0-028EA7E26D4F}.Debug|Any CPU.Build.0 = Debug|Any CPU
		{7FDD5CF0-ECA8-4712-AAF0-028EA7E26D4F}.Release|Any CPU.ActiveCfg = Release|Any CPU
		{7FDD5CF0-ECA8-4712-AAF0-028EA7E26D4F}.Release|Any CPU.Build.0 = Release|Any CPU
		{6DB15C36-9F1C-46C9-BD09-1228CF3BBD88}.Debug|Any CPU.ActiveCfg = Debug|Any CPU
		{6DB15C36-9F1C-46C9-BD09-1228CF3BBD88}.Debug|Any CPU.Build.0 = Debug|Any CPU
		{6DB15C36-9F1C-46C9-BD09-1228CF3BBD88}.Release|Any CPU.ActiveCfg = Release|Any CPU
		{6DB15C36-9F1C-46C9-BD09-1228CF3BBD88}.Release|Any CPU.Build.0 = Release|Any CPU
		{530E1FF5-DE59-45B5-B28E-5882E02B6CEB}.Debug|Any CPU.ActiveCfg = Debug|Any CPU
		{530E1FF5-DE59-45B5-B28E-5882E02B6CEB}.Debug|Any CPU.Build.0 = Debug|Any CPU
		{530E1FF5-DE59-45B5-B28E-5882E02B6CEB}.Release|Any CPU.ActiveCfg = Release|Any CPU
		{530E1FF5-DE59-45B5-B28E-5882E02B6CEB}.Release|Any CPU.Build.0 = Release|Any CPU
		{41EF1819-6999-4341-9F0B-D01AA26E4F79}.Debug|Any CPU.ActiveCfg = Debug|Any CPU
		{41EF1819-6999-4341-9F0B-D01AA26E4F79}.Debug|Any CPU.Build.0 = Debug|Any CPU
		{41EF1819-6999-4341-9F0B-D01AA26E4F79}.Release|Any CPU.ActiveCfg = Release|Any CPU
		{41EF1819-6999-4341-9F0B-D01AA26E4F79}.Release|Any CPU.Build.0 = Release|Any CPU
		{AD3D6CC4-508D-48DD-BA25-D3DEACE9D5DF}.Debug|Any CPU.ActiveCfg = Debug|Any CPU
		{AD3D6CC4-508D-48DD-BA25-D3DEACE9D5DF}.Debug|Any CPU.Build.0 = Debug|Any CPU
		{AD3D6CC4-508D-48DD-BA25-D3DEACE9D5DF}.Release|Any CPU.ActiveCfg = Release|Any CPU
		{AD3D6CC4-508D-48DD-BA25-D3DEACE9D5DF}.Release|Any CPU.Build.0 = Release|Any CPU
		{16D7B7D2-CE2D-415C-892A-E9DF06F5E8D8}.Debug|Any CPU.ActiveCfg = Debug|Any CPU
		{16D7B7D2-CE2D-415C-892A-E9DF06F5E8D8}.Debug|Any CPU.Build.0 = Debug|Any CPU
		{16D7B7D2-CE2D-415C-892A-E9DF06F5E8D8}.Release|Any CPU.ActiveCfg = Release|Any CPU
		{16D7B7D2-CE2D-415C-892A-E9DF06F5E8D8}.Release|Any CPU.Build.0 = Release|Any CPU
		{33BF3A68-DF47-4915-884F-D2276E14791E}.Debug|Any CPU.ActiveCfg = Debug|Any CPU
		{33BF3A68-DF47-4915-884F-D2276E14791E}.Debug|Any CPU.Build.0 = Debug|Any CPU
		{33BF3A68-DF47-4915-884F-D2276E14791E}.Release|Any CPU.ActiveCfg = Release|Any CPU
		{33BF3A68-DF47-4915-884F-D2276E14791E}.Release|Any CPU.Build.0 = Release|Any CPU
	EndGlobalSection
	GlobalSection(SolutionProperties) = preSolution
		HideSolutionNode = FALSE
	EndGlobalSection
EndGlobal
